
Microsoft Visual Studio Solution File, Format Version 12.00
# Visual Studio Version 17
VisualStudioVersion = 17.0.31903.59
MinimumVisualStudioVersion = 10.0.40219.1
Project("{9A19103F-16F7-4668-BE54-9A1E7A4F7556}") = "3 - Lógica de Programação com Csharp", "3 - Lógica de Programação com Csharp\3 - Lógica de Programação com Csharp.csproj", "{CC2EB109-E460-4F00-A76B-A386604A9DCD}"
EndProject
Project("{FAE04EC0-301F-11D3-BF4B-00C04F79EFBC}") = "4 - Classes, atributos, métodos, membros estáticos", "4 - Classes, atributos, métodos, membros estáticos\4 - Classes, atributos, métodos, membros estáticos.csproj", "{2E1DE5A8-E263-4B98-A957-51BA3DECBA4F}"
EndProject
Global
	GlobalSection(SolutionConfigurationPlatforms) = preSolution
		Debug|Any CPU = Debug|Any CPU
		Release|Any CPU = Release|Any CPU
	EndGlobalSection
	GlobalSection(ProjectConfigurationPlatforms) = postSolution
		{CC2EB109-E460-4F00-A76B-A386604A9DCD}.Debug|Any CPU.ActiveCfg = Debug|Any CPU
		{CC2EB109-E460-4F00-A76B-A386604A9DCD}.Debug|Any CPU.Build.0 = Debug|Any CPU
		{CC2EB109-E460-4F00-A76B-A386604A9DCD}.Release|Any CPU.ActiveCfg = Release|Any CPU
		{CC2EB109-E460-4F00-A76B-A386604A9DCD}.Release|Any CPU.Build.0 = Release|Any CPU
		{2E1DE5A8-E263-4B98-A957-51BA3DECBA4F}.Debug|Any CPU.ActiveCfg = Debug|Any CPU
		{2E1DE5A8-E263-4B98-A957-51BA3DECBA4F}.Debug|Any CPU.Build.0 = Debug|Any CPU
		{2E1DE5A8-E263-4B98-A957-51BA3DECBA4F}.Release|Any CPU.ActiveCfg = Release|Any CPU
		{2E1DE5A8-E263-4B98-A957-51BA3DECBA4F}.Release|Any CPU.Build.0 = Release|Any CPU
	EndGlobalSection
	GlobalSection(SolutionProperties) = preSolution
		HideSolutionNode = FALSE
	EndGlobalSection
	GlobalSection(ExtensibilityGlobals) = postSolution
		SolutionGuid = {F522C10C-07F6-4CF9-B390-75AC47D99CAD}
	EndGlobalSection
EndGlobal
