
Microsoft Visual Studio Solution File, Format Version 12.00
# Visual Studio Version 17
VisualStudioVersion = 17.1.32421.90
MinimumVisualStudioVersion = 10.0.40219.1
Project("{9A19103F-16F7-4668-BE54-9A1E7A4F7556}") = "3 - Lógica de Programação", "RevisaoCsharp\3 - Lógica de Programação.csproj", "{5D840CBC-57E6-4C3F-B9CF-E6F23C7B9EED}"
EndProject
Global
	GlobalSection(SolutionConfigurationPlatforms) = preSolution
		Debug|Any CPU = Debug|Any CPU
		Release|Any CPU = Release|Any CPU
	EndGlobalSection
	GlobalSection(ProjectConfigurationPlatforms) = postSolution
		{5D840CBC-57E6-4C3F-B9CF-E6F23C7B9EED}.Debug|Any CPU.ActiveCfg = Debug|Any CPU
		{5D840CBC-57E6-4C3F-B9CF-E6F23C7B9EED}.Debug|Any CPU.Build.0 = Debug|Any CPU
		{5D840CBC-57E6-4C3F-B9CF-E6F23C7B9EED}.Release|Any CPU.ActiveCfg = Release|Any CPU
		{5D840CBC-57E6-4C3F-B9CF-E6F23C7B9EED}.Release|Any CPU.Build.0 = Release|Any CPU
	EndGlobalSection
	GlobalSection(SolutionProperties) = preSolution
		HideSolutionNode = FALSE
	EndGlobalSection
	GlobalSection(ExtensibilityGlobals) = postSolution
		SolutionGuid = {C7F3CC0C-DC2C-481B-8BD3-6DE7E84B28B9}
	EndGlobalSection
EndGlobal
