
Microsoft Visual Studio Solution File, Format Version 12.00
# Visual Studio Version 17
VisualStudioVersion = 17.0.32014.148
MinimumVisualStudioVersion = 10.0.40219.1
Project("{FAE04EC0-301F-11D3-BF4B-00C04F79EFBC}") = "MyFirstApp", "MyFirstApp\MyFirstApp.csproj", "{C9C50C5A-073F-4689-A3A5-D3A7786E27E4}"
EndProject
Global
	GlobalSection(SolutionConfigurationPlatforms) = preSolution
		Debug|Any CPU = Debug|Any CPU
		Release|Any CPU = Release|Any CPU
	EndGlobalSection
	GlobalSection(ProjectConfigurationPlatforms) = postSolution
		{C9C50C5A-073F-4689-A3A5-D3A7786E27E4}.Debug|Any CPU.ActiveCfg = Debug|Any CPU
		{C9C50C5A-073F-4689-A3A5-D3A7786E27E4}.Debug|Any CPU.Build.0 = Debug|Any CPU
		{C9C50C5A-073F-4689-A3A5-D3A7786E27E4}.Release|Any CPU.ActiveCfg = Release|Any CPU
		{C9C50C5A-073F-4689-A3A5-D3A7786E27E4}.Release|Any CPU.Build.0 = Release|Any CPU
	EndGlobalSection
	GlobalSection(SolutionProperties) = preSolution
		HideSolutionNode = FALSE
	EndGlobalSection
	GlobalSection(ExtensibilityGlobals) = postSolution
		SolutionGuid = {F44A39BF-8C38-4449-AA03-A5A86E685BD6}
	EndGlobalSection
EndGlobal
