
Microsoft Visual Studio Solution File, Format Version 12.00
# Visual Studio Version 17
VisualStudioVersion = 17.1.32319.34
MinimumVisualStudioVersion = 10.0.40219.1
Project("{9A19103F-16F7-4668-BE54-9A1E7A4F7556}") = "MyFirstApp", "MyFirstApp\MyFirstApp.csproj", "{69D71C23-02E2-4CEB-B6D6-E3C62D1D99A2}"
EndProject
Project("{FAE04EC0-301F-11D3-BF4B-00C04F79EFBC}") = "MyMVCDemo", "MyMVCDemo\MyMVCDemo.csproj", "{74A77A76-D0C3-4CAA-AE95-7BC7573C8460}"
EndProject
Global
	GlobalSection(SolutionConfigurationPlatforms) = preSolution
		Debug|Any CPU = Debug|Any CPU
		Release|Any CPU = Release|Any CPU
	EndGlobalSection
	GlobalSection(ProjectConfigurationPlatforms) = postSolution
		{69D71C23-02E2-4CEB-B6D6-E3C62D1D99A2}.Debug|Any CPU.ActiveCfg = Debug|Any CPU
		{69D71C23-02E2-4CEB-B6D6-E3C62D1D99A2}.Debug|Any CPU.Build.0 = Debug|Any CPU
		{69D71C23-02E2-4CEB-B6D6-E3C62D1D99A2}.Release|Any CPU.ActiveCfg = Release|Any CPU
		{69D71C23-02E2-4CEB-B6D6-E3C62D1D99A2}.Release|Any CPU.Build.0 = Release|Any CPU
		{74A77A76-D0C3-4CAA-AE95-7BC7573C8460}.Debug|Any CPU.ActiveCfg = Debug|Any CPU
		{74A77A76-D0C3-4CAA-AE95-7BC7573C8460}.Debug|Any CPU.Build.0 = Debug|Any CPU
		{74A77A76-D0C3-4CAA-AE95-7BC7573C8460}.Release|Any CPU.ActiveCfg = Release|Any CPU
		{74A77A76-D0C3-4CAA-AE95-7BC7573C8460}.Release|Any CPU.Build.0 = Release|Any CPU
	EndGlobalSection
	GlobalSection(SolutionProperties) = preSolution
		HideSolutionNode = FALSE
	EndGlobalSection
	GlobalSection(ExtensibilityGlobals) = postSolution
		SolutionGuid = {E6991E97-EDF0-44C1-B27C-9EAD51C75A8B}
	EndGlobalSection
EndGlobal
